# This file is automatically @generated by Cargo.
# It is not intended for manual editing.
version = 4

[[package]]
name = "bitflags"
version = "2.9.0"
source = "registry+https://github.com/rust-lang/crates.io-index"
checksum = "5c8214115b7bf84099f1309324e63141d4c5d7cc26862f97a0a857dbefe165bd"

[[package]]
name = "nes_emulator"
version = "0.1.0"
dependencies = [
 "bitflags",
 "once_cell",
]

[[package]]
name = "once_cell"
version = "1.21.2"
source = "registry+https://github.com/rust-lang/crates.io-index"
checksum = "c2806eaa3524762875e21c3dcd057bc4b7bfa01ce4da8d46be1cd43649e1cc6b"
